
Microsoft Visual Studio Solution File, Format Version 12.00
# Visual Studio Version 16
VisualStudioVersion = 16.0.30621.155
MinimumVisualStudioVersion = 10.0.40219.1
Project("{FAE04EC0-301F-11D3-BF4B-00C04F79EFBC}") = "RQEPruefung061102", "RQEPruefung061102\RQEPruefung061102.csproj", "{FF5DCC05-E8DA-4B9F-BD7B-57BE15852E66}"
EndProject
Global
	GlobalSection(SolutionConfigurationPlatforms) = preSolution
		Debug|Any CPU = Debug|Any CPU
		Release|Any CPU = Release|Any CPU
	EndGlobalSection
	GlobalSection(ProjectConfigurationPlatforms) = postSolution
		{FF5DCC05-E8DA-4B9F-BD7B-57BE15852E66}.Debug|Any CPU.ActiveCfg = Debug|Any CPU
		{FF5DCC05-E8DA-4B9F-BD7B-57BE15852E66}.Debug|Any CPU.Build.0 = Debug|Any CPU
		{FF5DCC05-E8DA-4B9F-BD7B-57BE15852E66}.Release|Any CPU.ActiveCfg = Release|Any CPU
		{FF5DCC05-E8DA-4B9F-BD7B-57BE15852E66}.Release|Any CPU.Build.0 = Release|Any CPU
	EndGlobalSection
	GlobalSection(SolutionProperties) = preSolution
		HideSolutionNode = FALSE
	EndGlobalSection
	GlobalSection(ExtensibilityGlobals) = postSolution
		SolutionGuid = {B298C4FB-35C8-4090-8AC7-9DFF8961B1C9}
	EndGlobalSection
EndGlobal
